// !$*UTF8*$!
{
	archiveVersion = 1;
	classes = {
	};
	objectVersion = 56;
	objects = {

/* Begin PBXBuildFile section */
		8EC12C73295B03B5001C0C5C /* AppDelegate.m in Sources */ = {isa = PBXBuildFile; fileRef = 8EC12C72295B03B5001C0C5C /* AppDelegate.m */; };
		8EC12C76295B03B5001C0C5C /* ViewController.m in Sources */ = {isa = PBXBuildFile; fileRef = 8EC12C75295B03B5001C0C5C /* ViewController.m */; };
		8EC12C78295B03B6001C0C5C /* Assets.xcassets in Resources */ = {isa = PBXBuildFile; fileRef = 8EC12C77295B03B6001C0C5C /* Assets.xcassets */; };
		8EC12C7B295B03B6001C0C5C /* Main.storyboard in Resources */ = {isa = PBXBuildFile; fileRef = 8EC12C79295B03B6001C0C5C /* Main.storyboard */; };
		8EC12C7D295B03B6001C0C5C /* main.m in Sources */ = {isa = PBXBuildFile; fileRef = 8EC12C7C295B03B6001C0C5C /* main.m */; };
/* End PBXBuildFile section */

/* Begin PBXFileReference section */
		8EC12C6E295B03B5001C0C5C /* CheatSheet.app */ = {isa = PBXFileReference; explicitFileType = wrapper.application; includeInIndex = 0; path = CheatSheet.app; sourceTree = BUILT_PRODUCTS_DIR; };
		8EC12C71295B03B5001C0C5C /* AppDelegate.h */ = {isa = PBXFileReference; lastKnownFileType = sourcecode.c.h; path = AppDelegate.h; sourceTree = "<group>"; };
		8EC12C72295B03B5001C0C5C /* AppDelegate.m */ = {isa = PBXFileReference; lastKnownFileType = sourcecode.c.objc; path = AppDelegate.m; sourceTree = "<group>"; };
		8EC12C74295B03B5001C0C5C /* ViewController.h */ = {isa = PBXFileReference; lastKnownFileType = sourcecode.c.h; path = ViewController.h; sourceTree = "<group>"; };
		8EC12C75295B03B5001C0C5C /* ViewController.m */ = {isa = PBXFileReference; lastKnownFileType = sourcecode.c.objc; path = ViewController.m; sourceTree = "<group>"; };
		8EC12C77295B03B6001C0C5C /* Assets.xcassets */ = {isa = PBXFileReference; lastKnownFileType = folder.assetcatalog; path = Assets.xcassets; sourceTree = "<group>"; };
		8EC12C7A295B03B6001C0C5C /* Base */ = {isa = PBXFileReference; lastKnownFileType = file.storyboard; name = Base; path = Base.lproj/Main.storyboard; sourceTree = "<group>"; };
		8EC12C7C295B03B6001C0C5C /* main.m */ = {isa = PBXFileReference; lastKnownFileType = sourcecode.c.objc; path = main.m; sourceTree = "<group>"; };
		8EC12C7E295B03B6001C0C5C /* CheatSheet.entitlements */ = {isa = PBXFileReference; lastKnownFileType = text.plist.entitlements; path = CheatSheet.entitlements; sourceTree = "<group>"; };
/* End PBXFileReference section */

/* Begin PBXFrameworksBuildPhase section */
		8EC12C6B295B03B5001C0C5C /* Frameworks */ = {
			isa = PBXFrameworksBuildPhase;
			buildActionMask = 2147483647;
			files = (
			);
			runOnlyForDeploymentPostprocessing = 0;
		};
/* End PBXFrameworksBuildPhase section */

/* Begin PBXGroup section */
		8EC12C65295B03B5001C0C5C = {
			isa = PBXGroup;
			children = (
				8EC12C70295B03B5001C0C5C /* CheatSheet */,
				8EC12C6F295B03B5001C0C5C /* Products */,
			);
			sourceTree = "<group>";
		};
		8EC12C6F295B03B5001C0C5C /* Products */ = {
			isa = PBXGroup;
			children = (
				8EC12C6E295B03B5001C0C5C /* CheatSheet.app */,
			);
			name = Products;
			sourceTree = "<group>";
		};
		8EC12C70295B03B5001C0C5C /* CheatSheet */ = {
			isa = PBXGroup;
			children = (
				8EC12C71295B03B5001C0C5C /* AppDelegate.h */,
				8EC12C72295B03B5001C0C5C /* AppDelegate.m */,
				8EC12C74295B03B5001C0C5C /* ViewController.h */,
				8EC12C75295B03B5001C0C5C /* ViewController.m */,
				8EC12C77295B03B6001C0C5C /* Assets.xcassets */,
				8EC12C79295B03B6001C0C5C /* Main.storyboard */,
				8EC12C7C295B03B6001C0C5C /* main.m */,
				8EC12C7E295B03B6001C0C5C /* CheatSheet.entitlements */,
			);
			path = CheatSheet;
			sourceTree = "<group>";
		};
/* End PBXGroup section */

/* Begin PBXNativeTarget section */
		8EC12C6D295B03B5001C0C5C /* CheatSheet */ = {
			isa = PBXNativeTarget;
			buildConfigurationList = 8EC12C81295B03B6001C0C5C /* Build configuration list for PBXNativeTarget "CheatSheet" */;
			buildPhases = (
				8EC12C6A295B03B5001C0C5C /* Sources */,
				8EC12C6B295B03B5001C0C5C /* Frameworks */,
				8EC12C6C295B03B5001C0C5C /* Resources */,
			);
			buildRules = (
			);
			dependencies = (
			);
			name = CheatSheet;
			productName = CheatSheet;
			productReference = 8EC12C6E295B03B5001C0C5C /* CheatSheet.app */;
			productType = "com.apple.product-type.application";
		};
/* End PBXNativeTarget section */

/* Begin PBXProject section */
		8EC12C66295B03B5001C0C5C /* Project object */ = {
			isa = PBXProject;
			attributes = {
				BuildIndependentTargetsInParallel = 1;
				LastUpgradeCheck = 1410;
				TargetAttributes = {
					8EC12C6D295B03B5001C0C5C = {
						CreatedOnToolsVersion = 14.1;
					};
				};
			};
			buildConfigurationList = 8EC12C69295B03B5001C0C5C /* Build configuration list for PBXProject "CheatSheet" */;
			compatibilityVersion = "Xcode 14.0";
			developmentRegion = en;
			hasScannedForEncodings = 0;
			knownRegions = (
				en,
				Base,
			);
			mainGroup = 8EC12C65295B03B5001C0C5C;
			productRefGroup = 8EC12C6F295B03B5001C0C5C /* Products */;
			projectDirPath = "";
			projectRoot = "";
			targets = (
				8EC12C6D295B03B5001C0C5C /* CheatSheet */,
			);
		};
/* End PBXProject section */

/* Begin PBXResourcesBuildPhase section */
		8EC12C6C295B03B5001C0C5C /* Resources */ = {
			isa = PBXResourcesBuildPhase;
			buildActionMask = 2147483647;
			files = (
				8EC12C78295B03B6001C0C5C /* Assets.xcassets in Resources */,
				8EC12C7B295B03B6001C0C5C /* Main.storyboard in Resources */,
			);
			runOnlyForDeploymentPostprocessing = 0;
		};
/* End PBXResourcesBuildPhase section */

/* Begin PBXSourcesBuildPhase section */
		8EC12C6A295B03B5001C0C5C /* Sources */ = {
			isa = PBXSourcesBuildPhase;
			buildActionMask = 2147483647;
			files = (
				8EC12C76295B03B5001C0C5C /* ViewController.m in Sources */,
				8EC12C7D295B03B6001C0C5C /* main.m in Sources */,
				8EC12C73295B03B5001C0C5C /* AppDelegate.m in Sources */,
			);
			runOnlyForDeploymentPostprocessing = 0;
		};
/* End PBXSourcesBuildPhase section */

/* Begin PBXVariantGroup section */
		8EC12C79295B03B6001C0C5C /* Main.storyboard */ = {
			isa = PBXVariantGroup;
			children = (
				8EC12C7A295B03B6001C0C5C /* Base */,
			);
			name = Main.storyboard;
			sourceTree = "<group>";
		};
/* End PBXVariantGroup section */

/* Begin XCBuildConfiguration section */
		8EC12C7F295B03B6001C0C5C /* Debug */ = {
			isa = XCBuildConfiguration;
			buildSettings = {
				ALWAYS_SEARCH_USER_PATHS = NO;
				CLANG_ANALYZER_NONNULL = YES;
				CLANG_ANALYZER_NUMBER_OBJECT_CONVERSION = YES_AGGRESSIVE;
				CLANG_CXX_LANGUAGE_STANDARD = "gnu++20";
				CLANG_ENABLE_MODULES = YES;
				CLANG_ENABLE_OBJC_ARC = YES;
				CLANG_ENABLE_OBJC_WEAK = YES;
				CLANG_WARN_BLOCK_CAPTURE_AUTORELEASING = YES;
				CLANG_WARN_BOOL_CONVERSION = YES;
				CLANG_WARN_COMMA = YES;
				CLANG_WARN_CONSTANT_CONVERSION = YES;
				CLANG_WARN_DEPRECATED_OBJC_IMPLEMENTATIONS = YES;
				CLANG_WARN_DIRECT_OBJC_ISA_USAGE = YES_ERROR;
				CLANG_WARN_DOCUMENTATION_COMMENTS = YES;
				CLANG_WARN_EMPTY_BODY = YES;
				CLANG_WARN_ENUM_CONVERSION = YES;
				CLANG_WARN_INFINITE_RECURSION = YES;
				CLANG_WARN_INT_CONVERSION = YES;
				CLANG_WARN_NON_LITERAL_NULL_CONVERSION = YES;
				CLANG_WARN_OBJC_IMPLICIT_RETAIN_SELF = YES;
				CLANG_WARN_OBJC_LITERAL_CONVERSION = YES;
				CLANG_WARN_OBJC_ROOT_CLASS = YES_ERROR;
				CLANG_WARN_QUOTED_INCLUDE_IN_FRAMEWORK_HEADER = YES;
				CLANG_WARN_RANGE_LOOP_ANALYSIS = YES;
				CLANG_WARN_STRICT_PROTOTYPES = YES;
				CLANG_WARN_SUSPICIOUS_MOVE = YES;
				CLANG_WARN_UNGUARDED_AVAILABILITY = YES_AGGRESSIVE;
				CLANG_WARN_UNREACHABLE_CODE = YES;
				CLANG_WARN__DUPLICATE_METHOD_MATCH = YES;
				COPY_PHASE_STRIP = NO;
				DEBUG_INFORMATION_FORMAT = dwarf;
				ENABLE_STRICT_OBJC_MSGSEND = YES;
				ENABLE_TESTABILITY = YES;
				GCC_C_LANGUAGE_STANDARD = gnu11;
				GCC_DYNAMIC_NO_PIC = NO;
				GCC_NO_COMMON_BLOCKS = YES;
				GCC_OPTIMIZATION_LEVEL = 0;
				GCC_PREPROCESSOR_DEFINITIONS = (
					"DEBUG=1",
					"$(inherited)",
				);
				GCC_WARN_64_TO_32_BIT_CONVERSION = YES;
				GCC_WARN_ABOUT_RETURN_TYPE = YES_ERROR;
				GCC_WARN_UNDECLARED_SELECTOR = YES;
				GCC_WARN_UNINITIALIZED_AUTOS = YES_AGGRESSIVE;
				GCC_WARN_UNUSED_FUNCTION = YES;
				GCC_WARN_UNUSED_VARIABLE = YES;
				MACOSX_DEPLOYMENT_TARGET = 13.0;
				MTL_ENABLE_DEBUG_INFO = INCLUDE_SOURCE;
				MTL_FAST_MATH = YES;
				ONLY_ACTIVE_ARCH = YES;
				SDKROOT = macosx;
			};
			name = Debug;
		};
		8EC12C80295B03B6001C0C5C /* Release */ = {
			isa = XCBuildConfiguration;
			buildSettings = {
				ALWAYS_SEARCH_USER_PATHS = NO;
				CLANG_ANALYZER_NONNULL = YES;
				CLANG_ANALYZER_NUMBER_OBJECT_CONVERSION = YES_AGGRESSIVE;
				CLANG_CXX_LANGUAGE_STANDARD = "gnu++20";
				CLANG_ENABLE_MODULES = YES;
				CLANG_ENABLE_OBJC_ARC = YES;
				CLANG_ENABLE_OBJC_WEAK = YES;
				CLANG_WARN_BLOCK_CAPTURE_AUTORELEASING = YES;
				CLANG_WARN_BOOL_CONVERSION = YES;
				CLANG_WARN_COMMA = YES;
				CLANG_WARN_CONSTANT_CONVERSION = YES;
				CLANG_WARN_DEPRECATED_OBJC_IMPLEMENTATIONS = YES;
				CLANG_WARN_DIRECT_OBJC_ISA_USAGE = YES_ERROR;
				CLANG_WARN_DOCUMENTATION_COMMENTS = YES;
				CLANG_WARN_EMPTY_BODY = YES;
				CLANG_WARN_ENUM_CONVERSION = YES;
				CLANG_WARN_INFINITE_RECURSION = YES;
				CLANG_WARN_INT_CONVERSION = YES;
				CLANG_WARN_NON_LITERAL_NULL_CONVERSION = YES;
				CLANG_WARN_OBJC_IMPLICIT_RETAIN_SELF = YES;
				CLANG_WARN_OBJC_LITERAL_CONVERSION = YES;
				CLANG_WARN_OBJC_ROOT_CLASS = YES_ERROR;
				CLANG_WARN_QUOTED_INCLUDE_IN_FRAMEWORK_HEADER = YES;
				CLANG_WARN_RANGE_LOOP_ANALYSIS = YES;
				CLANG_WARN_STRICT_PROTOTYPES = YES;
				CLANG_WARN_SUSPICIOUS_MOVE = YES;
				CLANG_WARN_UNGUARDED_AVAILABILITY = YES_AGGRESSIVE;
				CLANG_WARN_UNREACHABLE_CODE = YES;
				CLANG_WARN__DUPLICATE_METHOD_MATCH = YES;
				COPY_PHASE_STRIP = NO;
				DEBUG_INFORMATION_FORMAT = "dwarf-with-dsym";
				ENABLE_NS_ASSERTIONS = NO;
				ENABLE_STRICT_OBJC_MSGSEND = YES;
				GCC_C_LANGUAGE_STANDARD = gnu11;
				GCC_NO_COMMON_BLOCKS = YES;
				GCC_WARN_64_TO_32_BIT_CONVERSION = YES;
				GCC_WARN_ABOUT_RETURN_TYPE = YES_ERROR;
				GCC_WARN_UNDECLARED_SELECTOR = YES;
				GCC_WARN_UNINITIALIZED_AUTOS = YES_AGGRESSIVE;
				GCC_WARN_UNUSED_FUNCTION = YES;
				GCC_WARN_UNUSED_VARIABLE = YES;
				MACOSX_DEPLOYMENT_TARGET = 13.0;
				MTL_ENABLE_DEBUG_INFO = NO;
				MTL_FAST_MATH = YES;
				SDKROOT = macosx;
			};
			name = Release;
		};
		8EC12C82295B03B6001C0C5C /* Debug */ = {
			isa = XCBuildConfiguration;
			buildSettings = {
				ASSETCATALOG_COMPILER_APPICON_NAME = AppIcon;
				ASSETCATALOG_COMPILER_GLOBAL_ACCENT_COLOR_NAME = AccentColor;
				CODE_SIGN_ENTITLEMENTS = CheatSheet/CheatSheet.entitlements;
				CODE_SIGN_STYLE = Automatic;
				COMBINE_HIDPI_IMAGES = YES;
				CURRENT_PROJECT_VERSION = 1;
				DEVELOPMENT_TEAM = YV8D42CRGT;
				ENABLE_HARDENED_RUNTIME = YES;
				GENERATE_INFOPLIST_FILE = YES;
				INFOPLIST_KEY_NSHumanReadableCopyright = "";
				INFOPLIST_KEY_NSMainStoryboardFile = Main;
				INFOPLIST_KEY_NSPrincipalClass = NSApplication;
				LD_RUNPATH_SEARCH_PATHS = (
					"$(inherited)",
					"@executable_path/../Frameworks",
				);
				MARKETING_VERSION = 1.0;
				PRODUCT_BUNDLE_IDENTIFIER = com.murculus.CheatSheet;
				PRODUCT_NAME = "$(TARGET_NAME)";
				SWIFT_EMIT_LOC_STRINGS = YES;
			};
			name = Debug;
		};
		8EC12C83295B03B6001C0C5C /* Release */ = {
			isa = XCBuildConfiguration;
			buildSettings = {
				ASSETCATALOG_COMPILER_APPICON_NAME = AppIcon;
				ASSETCATALOG_COMPILER_GLOBAL_ACCENT_COLOR_NAME = AccentColor;
				CODE_SIGN_ENTITLEMENTS = CheatSheet/CheatSheet.entitlements;
				CODE_SIGN_STYLE = Automatic;
				COMBINE_HIDPI_IMAGES = YES;
				CURRENT_PROJECT_VERSION = 1;
				DEVELOPMENT_TEAM = YV8D42CRGT;
				ENABLE_HARDENED_RUNTIME = YES;
				GENERATE_INFOPLIST_FILE = YES;
				INFOPLIST_KEY_NSHumanReadableCopyright = "";
				INFOPLIST_KEY_NSMainStoryboardFile = Main;
				INFOPLIST_KEY_NSPrincipalClass = NSApplication;
				LD_RUNPATH_SEARCH_PATHS = (
					"$(inherited)",
					"@executable_path/../Frameworks",
				);
				MARKETING_VERSION = 1.0;
				PRODUCT_BUNDLE_IDENTIFIER = com.murculus.CheatSheet;
				PRODUCT_NAME = "$(TARGET_NAME)";
				SWIFT_EMIT_LOC_STRINGS = YES;
			};
			name = Release;
		};
/* End XCBuildConfiguration section */

/* Begin XCConfigurationList section */
		8EC12C69295B03B5001C0C5C /* Build configuration list for PBXProject "CheatSheet" */ = {
			isa = XCConfigurationList;
			buildConfigurations = (
				8EC12C7F295B03B6001C0C5C /* Debug */,
				8EC12C80295B03B6001C0C5C /* Release */,
			);
			defaultConfigurationIsVisible = 0;
			defaultConfigurationName = Release;
		};
		8EC12C81295B03B6001C0C5C /* Build configuration list for PBXNativeTarget "CheatSheet" */ = {
			isa = XCConfigurationList;
			buildConfigurations = (
				8EC12C82295B03B6001C0C5C /* Debug */,
				8EC12C83295B03B6001C0C5C /* Release */,
			);
			defaultConfigurationIsVisible = 0;
			defaultConfigurationName = Release;
		};
/* End XCConfigurationList section */
	};
	rootObject = 8EC12C66295B03B5001C0C5C /* Project object */;
}
